
Microsoft Visual Studio Solution File, Format Version 12.00
# Visual Studio Version 17
VisualStudioVersion = 17.7.34202.233
MinimumVisualStudioVersion = 10.0.40219.1
Project("{FAE04EC0-301F-11D3-BF4B-00C04F79EFBC}") = "Asp.NetCoreWithAngular", "Asp.NetCoreWithAngular.csproj", "{EDA6C6E2-7FE1-4EFF-BF26-230895A93DCA}"
EndProject
Global
	GlobalSection(SolutionConfigurationPlatforms) = preSolution
		Debug|Any CPU = Debug|Any CPU
		Release|Any CPU = Release|Any CPU
	EndGlobalSection
	GlobalSection(ProjectConfigurationPlatforms) = postSolution
		{EDA6C6E2-7FE1-4EFF-BF26-230895A93DCA}.Debug|Any CPU.ActiveCfg = Debug|Any CPU
		{EDA6C6E2-7FE1-4EFF-BF26-230895A93DCA}.Debug|Any CPU.Build.0 = Debug|Any CPU
		{EDA6C6E2-7FE1-4EFF-BF26-230895A93DCA}.Release|Any CPU.ActiveCfg = Release|Any CPU
		{EDA6C6E2-7FE1-4EFF-BF26-230895A93DCA}.Release|Any CPU.Build.0 = Release|Any CPU
	EndGlobalSection
	GlobalSection(SolutionProperties) = preSolution
		HideSolutionNode = FALSE
	EndGlobalSection
	GlobalSection(ExtensibilityGlobals) = postSolution
		SolutionGuid = {CFF275F8-8D98-4E34-9ECE-674F3CB296F5}
	EndGlobalSection
EndGlobal
